PODS:
  - Flutter (1.0.0)
  - OneSignal (3.5.1)
  - onesignal_flutter (3.0.0):
    - Flutter
    - OneSignalXCFramework (= 3.4.4)
  - OneSignalXCFramework (3.4.4)

DEPENDENCIES:
  - Flutter (from `Flutter`)
  - OneSignal (< 4.0, >= 3.4.3)
  - onesignal_flutter (from `.symlinks/plugins/onesignal_flutter/ios`)

SPEC REPOS:
  trunk:
    - OneSignal
    - OneSignalXCFramework

EXTERNAL SOURCES:
  Flutter:
    :path: Flutter
  onesignal_flutter:
    :path: ".symlinks/plugins/onesignal_flutter/ios"

SPEC CHECKSUMS:
  Flutter: 434fef37c0980e73bb6479ef766c45957d4b510c
  OneSignal: 2dd4d106620808303fe9661350bec931e218ee91
  onesignal_flutter: 6a582e3051074be6d9d129002a93a3bfd04a5b88
  OneSignalXCFramework: eaf286b7438aa1f030f03e5fa9f1c79ede5d8f04

PODFILE CHECKSUM: 50e315cc1dfa6944931b85db26142b8a1fb76944

COCOAPODS: 1.10.1
